
Microsoft Visual Studio Solution File, Format Version 12.00
# Visual Studio Version 16
VisualStudioVersion = 16.0.29215.179
MinimumVisualStudioVersion = 10.0.40219.1
Project("{FAE04EC0-301F-11D3-BF4B-00C04F79EFBC}") = "GSM", "GSM\GSM.csproj", "{8F46CB6F-FF9F-4B68-B63A-9724404128FD}"
EndProject
Project("{FAE04EC0-301F-11D3-BF4B-00C04F79EFBC}") = "GSM-UI", "GSM-UI\GSM-UI.csproj", "{49EE0152-5197-432B-B8EE-C7323AEA0C3D}"
EndProject
Global
	GlobalSection(SolutionConfigurationPlatforms) = preSolution
		Debug|Any CPU = Debug|Any CPU
		Release|Any CPU = Release|Any CPU
	EndGlobalSection
	GlobalSection(ProjectConfigurationPlatforms) = postSolution
		{8F46CB6F-FF9F-4B68-B63A-9724404128FD}.Debug|Any CPU.ActiveCfg = Debug|Any CPU
		{8F46CB6F-FF9F-4B68-B63A-9724404128FD}.Debug|Any CPU.Build.0 = Debug|Any CPU
		{8F46CB6F-FF9F-4B68-B63A-9724404128FD}.Release|Any CPU.ActiveCfg = Release|Any CPU
		{8F46CB6F-FF9F-4B68-B63A-9724404128FD}.Release|Any CPU.Build.0 = Release|Any CPU
		{49EE0152-5197-432B-B8EE-C7323AEA0C3D}.Debug|Any CPU.ActiveCfg = Debug|Any CPU
		{49EE0152-5197-432B-B8EE-C7323AEA0C3D}.Debug|Any CPU.Build.0 = Debug|Any CPU
		{49EE0152-5197-432B-B8EE-C7323AEA0C3D}.Release|Any CPU.ActiveCfg = Release|Any CPU
		{49EE0152-5197-432B-B8EE-C7323AEA0C3D}.Release|Any CPU.Build.0 = Release|Any CPU
	EndGlobalSection
	GlobalSection(SolutionProperties) = preSolution
		HideSolutionNode = FALSE
	EndGlobalSection
	GlobalSection(ExtensibilityGlobals) = postSolution
		SolutionGuid = {22934B90-68AD-475E-9CFC-C1A29E745F5C}
	EndGlobalSection
EndGlobal
